
Microsoft Visual Studio Solution File, Format Version 12.00
# Visual Studio Version 17
VisualStudioVersion = 17.9.34407.89
MinimumVisualStudioVersion = 10.0.40219.1
Project("{9A19103F-16F7-4668-BE54-9A1E7A4F7556}") = "MinimalEndpoints", "MinimalEndpoints\MinimalEndpoints.csproj", "{2672BE6F-A050-4482-A5FE-D2A3EC6982F5}"
EndProject
Project("{9A19103F-16F7-4668-BE54-9A1E7A4F7556}") = "MinimalEndpoints.SourceGenerator", "MinimalEndpoints.SourceGenerator\MinimalEndpoints.SourceGenerator.csproj", "{A62AC7B3-9C87-4718-B335-AB7BBA9D9968}"
EndProject
Project("{FAE04EC0-301F-11D3-BF4B-00C04F79EFBC}") = "TestProject", "TestProject\TestProject.csproj", "{ADAD6B7C-36F0-4D00-A10C-0C9E379EB4A9}"
EndProject
Global
	GlobalSection(SolutionConfigurationPlatforms) = preSolution
		Debug|Any CPU = Debug|Any CPU
		Release|Any CPU = Release|Any CPU
	EndGlobalSection
	GlobalSection(ProjectConfigurationPlatforms) = postSolution
		{2672BE6F-A050-4482-A5FE-D2A3EC6982F5}.Debug|Any CPU.ActiveCfg = Debug|Any CPU
		{2672BE6F-A050-4482-A5FE-D2A3EC6982F5}.Debug|Any CPU.Build.0 = Debug|Any CPU
		{2672BE6F-A050-4482-A5FE-D2A3EC6982F5}.Release|Any CPU.ActiveCfg = Release|Any CPU
		{2672BE6F-A050-4482-A5FE-D2A3EC6982F5}.Release|Any CPU.Build.0 = Release|Any CPU
		{A62AC7B3-9C87-4718-B335-AB7BBA9D9968}.Debug|Any CPU.ActiveCfg = Debug|Any CPU
		{A62AC7B3-9C87-4718-B335-AB7BBA9D9968}.Debug|Any CPU.Build.0 = Debug|Any CPU
		{A62AC7B3-9C87-4718-B335-AB7BBA9D9968}.Release|Any CPU.ActiveCfg = Release|Any CPU
		{A62AC7B3-9C87-4718-B335-AB7BBA9D9968}.Release|Any CPU.Build.0 = Release|Any CPU
		{ADAD6B7C-36F0-4D00-A10C-0C9E379EB4A9}.Debug|Any CPU.ActiveCfg = Debug|Any CPU
		{ADAD6B7C-36F0-4D00-A10C-0C9E379EB4A9}.Debug|Any CPU.Build.0 = Debug|Any CPU
		{ADAD6B7C-36F0-4D00-A10C-0C9E379EB4A9}.Release|Any CPU.ActiveCfg = Release|Any CPU
		{ADAD6B7C-36F0-4D00-A10C-0C9E379EB4A9}.Release|Any CPU.Build.0 = Release|Any CPU
	EndGlobalSection
	GlobalSection(SolutionProperties) = preSolution
		HideSolutionNode = FALSE
	EndGlobalSection
	GlobalSection(ExtensibilityGlobals) = postSolution
		SolutionGuid = {15DA4A05-1E02-4EE9-8925-C52167BB1CF1}
	EndGlobalSection
EndGlobal
